
Microsoft Visual Studio Solution File, Format Version 12.00
# Visual Studio 15
VisualStudioVersion = 15.0.28307.168
MinimumVisualStudioVersion = 10.0.40219.1
Project("{FAE04EC0-301F-11D3-BF4B-00C04F79EFBC}") = "MembershipsApp", "MembershipsApp\MembershipsApp.csproj", "{6AAC84FF-9E76-4AC4-9F9A-63FF3743533D}"
EndProject
Global
	GlobalSection(SolutionConfigurationPlatforms) = preSolution
		Debug|Any CPU = Debug|Any CPU
		Release|Any CPU = Release|Any CPU
	EndGlobalSection
	GlobalSection(ProjectConfigurationPlatforms) = postSolution
		{6AAC84FF-9E76-4AC4-9F9A-63FF3743533D}.Debug|Any CPU.ActiveCfg = Debug|Any CPU
		{6AAC84FF-9E76-4AC4-9F9A-63FF3743533D}.Debug|Any CPU.Build.0 = Debug|Any CPU
		{6AAC84FF-9E76-4AC4-9F9A-63FF3743533D}.Release|Any CPU.ActiveCfg = Release|Any CPU
		{6AAC84FF-9E76-4AC4-9F9A-63FF3743533D}.Release|Any CPU.Build.0 = Release|Any CPU
	EndGlobalSection
	GlobalSection(SolutionProperties) = preSolution
		HideSolutionNode = FALSE
	EndGlobalSection
	GlobalSection(ExtensibilityGlobals) = postSolution
		SolutionGuid = {06D6E169-34CE-40EE-9268-5E44CC6A91A1}
	EndGlobalSection
EndGlobal
